schema: '2.0'
stages:
  preprocess:
    cmd: python src/preprocess.py
    deps:
    - path: data/raw/heart.csv
      hash: md5
      md5: 0691643e62f74624d19253d61990b74b
      size: 11019
    - path: src/preprocess.py
      hash: md5
      md5: bc4a20a495f4d6bda12a0e1d15b15041
      size: 2038
    params:
      params.yaml:
        preprocess.random_state: 42
        preprocess.test_size: 0.2
    outs:
    - path: data/processed/X_test.csv
      hash: md5
      md5: 1b9dabfcb06e6cdda83dda01d630fbc8
      size: 14723
    - path: data/processed/X_train.csv
      hash: md5
      md5: 65086d9819abc700a22fd416bceafc72
      size: 58018
    - path: data/processed/y_test.csv
      hash: md5
      md5: ea2da7272de7e6231e5a84fdbf3594b9
      size: 179
    - path: data/processed/y_train.csv
      hash: md5
      md5: 649de76661a824a063e5367c90afb0e7
      size: 686
  train:
    cmd: python src/train.py
    deps:
    - path: data/processed/X_test.csv
      hash: md5
      md5: 1b9dabfcb06e6cdda83dda01d630fbc8
      size: 14723
    - path: data/processed/X_train.csv
      hash: md5
      md5: 65086d9819abc700a22fd416bceafc72
      size: 58018
    - path: data/processed/y_test.csv
      hash: md5
      md5: ea2da7272de7e6231e5a84fdbf3594b9
      size: 179
    - path: data/processed/y_train.csv
      hash: md5
      md5: 649de76661a824a063e5367c90afb0e7
      size: 686
    - path: src/train.py
      hash: md5
      md5: e23bb1402b1a0e4fdb67512d39ccd8ab
      size: 1752
    params:
      params.yaml:
        train:
          model_type: random_forest
          n_estimators: 100
          max_depth: 10
          random_state: 42
    outs:
    - path: metrics/metrics.json
      hash: md5
      md5: d6a0878bd30a7079a10510342f3e73f8
      size: 161
    - path: models/model.pkl
      hash: md5
      md5: 7f5c55661cf2932675b4f737853ad4f1
      size: 680083
