schema: '2.0'
stages:
  preprocess:
    cmd: python src/preprocess.py
    deps:
    - path: data/raw/heart.csv
      hash: md5
      md5: 0691643e62f74624d19253d61990b74b
      size: 11019
    - path: src/preprocess.py
      hash: md5
      md5: 95e5a2d7acd93759161a4427824d42c3
      size: 2644
    params:
      params.yaml:
        preprocess.random_state: 42
        preprocess.test_size: 0.2
    outs:
    - path: data/processed/X_test.csv
      hash: md5
      md5: 612e01504f6730242b2ba8031491ca7e
      size: 20350
    - path: data/processed/X_train.csv
      hash: md5
      md5: 505318453b39b2d4b12fc540f237cd37
      size: 80174
    - path: data/processed/y_test.csv
      hash: md5
      md5: ea2da7272de7e6231e5a84fdbf3594b9
      size: 179
    - path: data/processed/y_train.csv
      hash: md5
      md5: 649de76661a824a063e5367c90afb0e7
      size: 686
  train:
    cmd: python src/train.py
    deps:
    - path: data/processed/X_test.csv
      hash: md5
      md5: 612e01504f6730242b2ba8031491ca7e
      size: 20350
    - path: data/processed/X_train.csv
      hash: md5
      md5: 505318453b39b2d4b12fc540f237cd37
      size: 80174
    - path: data/processed/y_test.csv
      hash: md5
      md5: ea2da7272de7e6231e5a84fdbf3594b9
      size: 179
    - path: data/processed/y_train.csv
      hash: md5
      md5: 649de76661a824a063e5367c90afb0e7
      size: 686
    - path: src/train.py
      hash: md5
      md5: e23bb1402b1a0e4fdb67512d39ccd8ab
      size: 1752
    params:
      params.yaml:
        train:
          model_type: random_forest
          n_estimators: 100
          max_depth: 10
          random_state: 42
    outs:
    - path: metrics/metrics.json
      hash: md5
      md5: ee7d620f8127ece5feecb674a08311b6
      size: 171
    - path: models/model.pkl
      hash: md5
      md5: aea187dd21ac856acf999a3bc1d91945
      size: 641414
